// !$*UTF8*$!
{
	archiveVersion = 1;
	classes = {
	};
	objectVersion = 74;
	objects = {

/* Begin PBXContainerItemProxy section */
		AC2DF0E32C5EA84100EB78C3 /* PBXContainerItemProxy */ = {
			isa = PBXContainerItemProxy;
			containerPortal = AC2DF0C42C5EA83F00EB78C3 /* Project object */;
			proxyType = 1;
			remoteGlobalIDString = AC2DF0CB2C5EA83F00EB78C3;
			remoteInfo = Trimp;
		};
		AC2DF0ED2C5EA84100EB78C3 /* PBXContainerItemProxy */ = {
			isa = PBXContainerItemProxy;
			containerPortal = AC2DF0C42C5EA83F00EB78C3 /* Project object */;
			proxyType = 1;
			remoteGlobalIDString = AC2DF0CB2C5EA83F00EB78C3;
			remoteInfo = Trimp;
		};
/* End PBXContainerItemProxy section */

/* Begin PBXFileReference section */
		AC2DF0CC2C5EA83F00EB78C3 /* Trimp.app */ = {isa = PBXFileReference; explicitFileType = wrapper.application; includeInIndex = 0; path = Trimp.app; sourceTree = BUILT_PRODUCTS_DIR; };
		AC2DF0E22C5EA84100EB78C3 /* TrimpTests.xctest */ = {isa = PBXFileReference; explicitFileType = wrapper.cfbundle; includeInIndex = 0; path = TrimpTests.xctest; sourceTree = BUILT_PRODUCTS_DIR; };
		AC2DF0EC2C5EA84100EB78C3 /* TrimpUITests.xctest */ = {isa = PBXFileReference; explicitFileType = wrapper.cfbundle; includeInIndex = 0; path = TrimpUITests.xctest; sourceTree = BUILT_PRODUCTS_DIR; };
/* End PBXFileReference section */

/* Begin PBXFileSystemSynchronizedBuildFileExceptionSet section */
		AC2DF0F42C5EA84100EB78C3 /* PBXFileSystemSynchronizedBuildFileExceptionSet */ = {
			isa = PBXFileSystemSynchronizedBuildFileExceptionSet;
			membershipExceptions = (
				/Localized/LaunchScreen.storyboard,
				/Localized/Main.storyboard,
				Info.plist,
			);
			target = AC2DF0CB2C5EA83F00EB78C3 /* Trimp */;
		};
/* End PBXFileSystemSynchronizedBuildFileExceptionSet section */

/* Begin PBXFileSystemSynchronizedGroupBuildPhaseMembershipExceptionSet section */
		AC2DF0F82C5EA84100EB78C3 /* PBXFileSystemSynchronizedGroupBuildPhaseMembershipExceptionSet */ = {
			isa = PBXFileSystemSynchronizedGroupBuildPhaseMembershipExceptionSet;
			buildPhase = AC2DF0CA2C5EA83F00EB78C3 /* Resources */;
			membershipExceptions = (
				Base.lproj/LaunchScreen.storyboard,
				Base.lproj/Main.storyboard,
			);
		};
/* End PBXFileSystemSynchronizedGroupBuildPhaseMembershipExceptionSet section */

/* Begin PBXFileSystemSynchronizedRootGroup section */
		AC2DF0CE2C5EA83F00EB78C3 /* Trimp */ = {isa = PBXFileSystemSynchronizedRootGroup; exceptions = (AC2DF0F42C5EA84100EB78C3 /* PBXFileSystemSynchronizedBuildFileExceptionSet */, AC2DF0F82C5EA84100EB78C3 /* PBXFileSystemSynchronizedGroupBuildPhaseMembershipExceptionSet */, ); explicitFileTypes = {}; explicitFolders = (); path = Trimp; sourceTree = "<group>"; };
		AC2DF0E52C5EA84100EB78C3 /* TrimpTests */ = {isa = PBXFileSystemSynchronizedRootGroup; explicitFileTypes = {}; explicitFolders = (); path = TrimpTests; sourceTree = "<group>"; };
		AC2DF0EF2C5EA84100EB78C3 /* TrimpUITests */ = {isa = PBXFileSystemSynchronizedRootGroup; explicitFileTypes = {}; explicitFolders = (); path = TrimpUITests; sourceTree = "<group>"; };
/* End PBXFileSystemSynchronizedRootGroup section */

/* Begin PBXFrameworksBuildPhase section */
		AC2DF0C92C5EA83F00EB78C3 /* Frameworks */ = {
			isa = PBXFrameworksBuildPhase;
			buildActionMask = 2147483647;
			files = (
			);
			runOnlyForDeploymentPostprocessing = 0;
		};
		AC2DF0DF2C5EA84100EB78C3 /* Frameworks */ = {
			isa = PBXFrameworksBuildPhase;
			buildActionMask = 2147483647;
			files = (
			);
			runOnlyForDeploymentPostprocessing = 0;
		};
		AC2DF0E92C5EA84100EB78C3 /* Frameworks */ = {
			isa = PBXFrameworksBuildPhase;
			buildActionMask = 2147483647;
			files = (
			);
			runOnlyForDeploymentPostprocessing = 0;
		};
/* End PBXFrameworksBuildPhase section */

/* Begin PBXGroup section */
		AC2DF0C32C5EA83F00EB78C3 = {
			isa = PBXGroup;
			children = (
				AC2DF0CE2C5EA83F00EB78C3 /* Trimp */,
				AC2DF0E52C5EA84100EB78C3 /* TrimpTests */,
				AC2DF0EF2C5EA84100EB78C3 /* TrimpUITests */,
				AC2DF0CD2C5EA83F00EB78C3 /* Products */,
			);
			sourceTree = "<group>";
		};
		AC2DF0CD2C5EA83F00EB78C3 /* Products */ = {
			isa = PBXGroup;
			children = (
				AC2DF0CC2C5EA83F00EB78C3 /* Trimp.app */,
				AC2DF0E22C5EA84100EB78C3 /* TrimpTests.xctest */,
				AC2DF0EC2C5EA84100EB78C3 /* TrimpUITests.xctest */,
			);
			name = Products;
			sourceTree = "<group>";
		};
/* End PBXGroup section */

/* Begin PBXNativeTarget section */
		AC2DF0CB2C5EA83F00EB78C3 /* Trimp */ = {
			isa = PBXNativeTarget;
			buildConfigurationList = AC2DF0F52C5EA84100EB78C3 /* Build configuration list for PBXNativeTarget "Trimp" */;
			buildPhases = (
				AC2DF0C82C5EA83F00EB78C3 /* Sources */,
				AC2DF0C92C5EA83F00EB78C3 /* Frameworks */,
				AC2DF0CA2C5EA83F00EB78C3 /* Resources */,
			);
			buildRules = (
			);
			dependencies = (
			);
			fileSystemSynchronizedGroups = (
				AC2DF0CE2C5EA83F00EB78C3 /* Trimp */,
			);
			name = Trimp;
			packageProductDependencies = (
			);
			productName = Trimp;
			productReference = AC2DF0CC2C5EA83F00EB78C3 /* Trimp.app */;
			productType = "com.apple.product-type.application";
		};
		AC2DF0E12C5EA84100EB78C3 /* TrimpTests */ = {
			isa = PBXNativeTarget;
			buildConfigurationList = AC2DF0FB2C5EA84100EB78C3 /* Build configuration list for PBXNativeTarget "TrimpTests" */;
			buildPhases = (
				AC2DF0DE2C5EA84100EB78C3 /* Sources */,
				AC2DF0DF2C5EA84100EB78C3 /* Frameworks */,
				AC2DF0E02C5EA84100EB78C3 /* Resources */,
			);
			buildRules = (
			);
			dependencies = (
				AC2DF0E42C5EA84100EB78C3 /* PBXTargetDependency */,
			);
			fileSystemSynchronizedGroups = (
				AC2DF0E52C5EA84100EB78C3 /* TrimpTests */,
			);
			name = TrimpTests;
			packageProductDependencies = (
			);
			productName = TrimpTests;
			productReference = AC2DF0E22C5EA84100EB78C3 /* TrimpTests.xctest */;
			productType = "com.apple.product-type.bundle.unit-test";
		};
		AC2DF0EB2C5EA84100EB78C3 /* TrimpUITests */ = {
			isa = PBXNativeTarget;
			buildConfigurationList = AC2DF0FE2C5EA84100EB78C3 /* Build configuration list for PBXNativeTarget "TrimpUITests" */;
			buildPhases = (
				AC2DF0E82C5EA84100EB78C3 /* Sources */,
				AC2DF0E92C5EA84100EB78C3 /* Frameworks */,
				AC2DF0EA2C5EA84100EB78C3 /* Resources */,
			);
			buildRules = (
			);
			dependencies = (
				AC2DF0EE2C5EA84100EB78C3 /* PBXTargetDependency */,
			);
			fileSystemSynchronizedGroups = (
				AC2DF0EF2C5EA84100EB78C3 /* TrimpUITests */,
			);
			name = TrimpUITests;
			packageProductDependencies = (
			);
			productName = TrimpUITests;
			productReference = AC2DF0EC2C5EA84100EB78C3 /* TrimpUITests.xctest */;
			productType = "com.apple.product-type.bundle.ui-testing";
		};
/* End PBXNativeTarget section */

/* Begin PBXProject section */
		AC2DF0C42C5EA83F00EB78C3 /* Project object */ = {
			isa = PBXProject;
			attributes = {
				BuildIndependentTargetsInParallel = 1;
				LastSwiftUpdateCheck = 1600;
				LastUpgradeCheck = 1600;
				TargetAttributes = {
					AC2DF0CB2C5EA83F00EB78C3 = {
						CreatedOnToolsVersion = 16.0;
					};
					AC2DF0E12C5EA84100EB78C3 = {
						CreatedOnToolsVersion = 16.0;
						TestTargetID = AC2DF0CB2C5EA83F00EB78C3;
					};
					AC2DF0EB2C5EA84100EB78C3 = {
						CreatedOnToolsVersion = 16.0;
						TestTargetID = AC2DF0CB2C5EA83F00EB78C3;
					};
				};
			};
			buildConfigurationList = AC2DF0C72C5EA83F00EB78C3 /* Build configuration list for PBXProject "Trimp" */;
			developmentRegion = en;
			hasScannedForEncodings = 0;
			knownRegions = (
				en,
				Base,
			);
			mainGroup = AC2DF0C32C5EA83F00EB78C3;
			preferredProjectObjectVersion = 60;
			productRefGroup = AC2DF0CD2C5EA83F00EB78C3 /* Products */;
			projectDirPath = "";
			projectRoot = "";
			targets = (
				AC2DF0CB2C5EA83F00EB78C3 /* Trimp */,
				AC2DF0E12C5EA84100EB78C3 /* TrimpTests */,
				AC2DF0EB2C5EA84100EB78C3 /* TrimpUITests */,
			);
		};
/* End PBXProject section */

/* Begin PBXResourcesBuildPhase section */
		AC2DF0CA2C5EA83F00EB78C3 /* Resources */ = {
			isa = PBXResourcesBuildPhase;
			buildActionMask = 2147483647;
			files = (
			);
			runOnlyForDeploymentPostprocessing = 0;
		};
		AC2DF0E02C5EA84100EB78C3 /* Resources */ = {
			isa = PBXResourcesBuildPhase;
			buildActionMask = 2147483647;
			files = (
			);
			runOnlyForDeploymentPostprocessing = 0;
		};
		AC2DF0EA2C5EA84100EB78C3 /* Resources */ = {
			isa = PBXResourcesBuildPhase;
			buildActionMask = 2147483647;
			files = (
			);
			runOnlyForDeploymentPostprocessing = 0;
		};
/* End PBXResourcesBuildPhase section */

/* Begin PBXSourcesBuildPhase section */
		AC2DF0C82C5EA83F00EB78C3 /* Sources */ = {
			isa = PBXSourcesBuildPhase;
			buildActionMask = 2147483647;
			files = (
			);
			runOnlyForDeploymentPostprocessing = 0;
		};
		AC2DF0DE2C5EA84100EB78C3 /* Sources */ = {
			isa = PBXSourcesBuildPhase;
			buildActionMask = 2147483647;
			files = (
			);
			runOnlyForDeploymentPostprocessing = 0;
		};
		AC2DF0E82C5EA84100EB78C3 /* Sources */ = {
			isa = PBXSourcesBuildPhase;
			buildActionMask = 2147483647;
			files = (
			);
			runOnlyForDeploymentPostprocessing = 0;
		};
/* End PBXSourcesBuildPhase section */

/* Begin PBXTargetDependency section */
		AC2DF0E42C5EA84100EB78C3 /* PBXTargetDependency */ = {
			isa = PBXTargetDependency;
			target = AC2DF0CB2C5EA83F00EB78C3 /* Trimp */;
			targetProxy = AC2DF0E32C5EA84100EB78C3 /* PBXContainerItemProxy */;
		};
		AC2DF0EE2C5EA84100EB78C3 /* PBXTargetDependency */ = {
			isa = PBXTargetDependency;
			target = AC2DF0CB2C5EA83F00EB78C3 /* Trimp */;
			targetProxy = AC2DF0ED2C5EA84100EB78C3 /* PBXContainerItemProxy */;
		};
/* End PBXTargetDependency section */

/* Begin XCBuildConfiguration section */
		AC2DF0F62C5EA84100EB78C3 /* Debug */ = {
			isa = XCBuildConfiguration;
			buildSettings = {
				ASSETCATALOG_COMPILER_APPICON_NAME = AppIcon;
				ASSETCATALOG_COMPILER_GLOBAL_ACCENT_COLOR_NAME = AccentColor;
				CODE_SIGN_STYLE = Automatic;
				CURRENT_PROJECT_VERSION = 1;
				DEVELOPMENT_TEAM = JT5MW7599Q;
				GENERATE_INFOPLIST_FILE = YES;
				INFOPLIST_FILE = Trimp/Info.plist;
				INFOPLIST_KEY_CFBundleDisplayName = Trimp;
				INFOPLIST_KEY_LSApplicationCategoryType = "public.app-category.social-networking";
				INFOPLIST_KEY_UIApplicationSupportsIndirectInputEvents = YES;
				INFOPLIST_KEY_UILaunchStoryboardName = LaunchScreen;
				INFOPLIST_KEY_UIMainStoryboardFile = Main;
				INFOPLIST_KEY_UISupportedInterfaceOrientations_iPad = "UIInterfaceOrientationPortrait UIInterfaceOrientationPortraitUpsideDown UIInterfaceOrientationLandscapeLeft UIInterfaceOrientationLandscapeRight";
				INFOPLIST_KEY_UISupportedInterfaceOrientations_iPhone = "UIInterfaceOrientationPortrait UIInterfaceOrientationLandscapeLeft UIInterfaceOrientationLandscapeRight";
				IPHONEOS_DEPLOYMENT_TARGET = 13.0;
				LD_RUNPATH_SEARCH_PATHS = (
					"$(inherited)",
					"@executable_path/Frameworks",
				);
				MARKETING_VERSION = 1.0;
				PRODUCT_BUNDLE_IDENTIFIER = "-75-Productions.Trimp";
				PRODUCT_NAME = "$(TARGET_NAME)";
				SUPPORTED_PLATFORMS = "iphoneos iphonesimulator";
				SUPPORTS_MACCATALYST = NO;
				SUPPORTS_MAC_DESIGNED_FOR_IPHONE_IPAD = NO;
				SWIFT_EMIT_LOC_STRINGS = YES;
				SWIFT_VERSION = 5.0;
				TARGETED_DEVICE_FAMILY = "1,2";
			};
			name = Debug;
		};
		AC2DF0F72C5EA84100EB78C3 /* Release */ = {
			isa = XCBuildConfiguration;
			buildSettings = {
				ASSETCATALOG_COMPILER_APPICON_NAME = AppIcon;
				ASSETCATALOG_COMPILER_GLOBAL_ACCENT_COLOR_NAME = AccentColor;
				CODE_SIGN_STYLE = Automatic;
				CURRENT_PROJECT_VERSION = 1;
				DEVELOPMENT_TEAM = JT5MW7599Q;
				GENERATE_INFOPLIST_FILE = YES;
				INFOPLIST_FILE = Trimp/Info.plist;
				INFOPLIST_KEY_CFBundleDisplayName = Trimp;
				INFOPLIST_KEY_LSApplicationCategoryType = "public.app-category.social-networking";
				INFOPLIST_KEY_UIApplicationSupportsIndirectInputEvents = YES;
				INFOPLIST_KEY_UILaunchStoryboardName = LaunchScreen;
				INFOPLIST_KEY_UIMainStoryboardFile = Main;
				INFOPLIST_KEY_UISupportedInterfaceOrientations_iPad = "UIInterfaceOrientationPortrait UIInterfaceOrientationPortraitUpsideDown UIInterfaceOrientationLandscapeLeft UIInterfaceOrientationLandscapeRight";
				INFOPLIST_KEY_UISupportedInterfaceOrientations_iPhone = "UIInterfaceOrientationPortrait UIInterfaceOrientationLandscapeLeft UIInterfaceOrientationLandscapeRight";
				IPHONEOS_DEPLOYMENT_TARGET = 13.0;
				LD_RUNPATH_SEARCH_PATHS = (
					"$(inherited)",
					"@executable_path/Frameworks",
				);
				MARKETING_VERSION = 1.0;
				PRODUCT_BUNDLE_IDENTIFIER = "-75-Productions.Trimp";
				PRODUCT_NAME = "$(TARGET_NAME)";
				SUPPORTED_PLATFORMS = "iphoneos iphonesimulator";
				SUPPORTS_MACCATALYST = NO;
				SUPPORTS_MAC_DESIGNED_FOR_IPHONE_IPAD = NO;
				SWIFT_EMIT_LOC_STRINGS = YES;
				SWIFT_VERSION = 5.0;
				TARGETED_DEVICE_FAMILY = "1,2";
			};
			name = Release;
		};
		AC2DF0F92C5EA84100EB78C3 /* Debug */ = {
			isa = XCBuildConfiguration;
			buildSettings = {
				ALWAYS_SEARCH_USER_PATHS = NO;
				ASSETCATALOG_COMPILER_GENERATE_SWIFT_ASSET_SYMBOL_EXTENSIONS = YES;
				CLANG_ANALYZER_NONNULL = YES;
				CLANG_ANALYZER_NUMBER_OBJECT_CONVERSION = YES_AGGRESSIVE;
				CLANG_CXX_LANGUAGE_STANDARD = "gnu++20";
				CLANG_ENABLE_MODULES = YES;
				CLANG_ENABLE_OBJC_ARC = YES;
				CLANG_ENABLE_OBJC_WEAK = YES;
				CLANG_WARN_BLOCK_CAPTURE_AUTORELEASING = YES;
				CLANG_WARN_BOOL_CONVERSION = YES;
				CLANG_WARN_COMMA = YES;
				CLANG_WARN_CONSTANT_CONVERSION = YES;
				CLANG_WARN_DEPRECATED_OBJC_IMPLEMENTATIONS = YES;
				CLANG_WARN_DIRECT_OBJC_ISA_USAGE = YES_ERROR;
				CLANG_WARN_DOCUMENTATION_COMMENTS = YES;
				CLANG_WARN_EMPTY_BODY = YES;
				CLANG_WARN_ENUM_CONVERSION = YES;
				CLANG_WARN_INFINITE_RECURSION = YES;
				CLANG_WARN_INT_CONVERSION = YES;
				CLANG_WARN_NON_LITERAL_NULL_CONVERSION = YES;
				CLANG_WARN_OBJC_IMPLICIT_RETAIN_SELF = YES;
				CLANG_WARN_OBJC_LITERAL_CONVERSION = YES;
				CLANG_WARN_OBJC_ROOT_CLASS = YES_ERROR;
				CLANG_WARN_QUOTED_INCLUDE_IN_FRAMEWORK_HEADER = YES;
				CLANG_WARN_RANGE_LOOP_ANALYSIS = YES;
				CLANG_WARN_STRICT_PROTOTYPES = YES;
				CLANG_WARN_SUSPICIOUS_MOVE = YES;
				CLANG_WARN_UNGUARDED_AVAILABILITY = YES_AGGRESSIVE;
				CLANG_WARN_UNREACHABLE_CODE = YES;
				CLANG_WARN__DUPLICATE_METHOD_MATCH = YES;
				COPY_PHASE_STRIP = NO;
				DEBUG_INFORMATION_FORMAT = dwarf;
				ENABLE_STRICT_OBJC_MSGSEND = YES;
				ENABLE_TESTABILITY = YES;
				ENABLE_USER_SCRIPT_SANDBOXING = YES;
				GCC_C_LANGUAGE_STANDARD = gnu17;
				GCC_DYNAMIC_NO_PIC = NO;
				GCC_NO_COMMON_BLOCKS = YES;
				GCC_OPTIMIZATION_LEVEL = 0;
				GCC_PREPROCESSOR_DEFINITIONS = (
					"DEBUG=1",
					"$(inherited)",
				);
				GCC_WARN_64_TO_32_BIT_CONVERSION = YES;
				GCC_WARN_ABOUT_RETURN_TYPE = YES_ERROR;
				GCC_WARN_UNDECLARED_SELECTOR = YES;
				GCC_WARN_UNINITIALIZED_AUTOS = YES_AGGRESSIVE;
				GCC_WARN_UNUSED_FUNCTION = YES;
				GCC_WARN_UNUSED_VARIABLE = YES;
				IPHONEOS_DEPLOYMENT_TARGET = 18.0;
				LOCALIZATION_PREFERS_STRING_CATALOGS = YES;
				MTL_ENABLE_DEBUG_INFO = INCLUDE_SOURCE;
				MTL_FAST_MATH = YES;
				ONLY_ACTIVE_ARCH = YES;
				SDKROOT = iphoneos;
				SWIFT_ACTIVE_COMPILATION_CONDITIONS = "DEBUG $(inherited)";
				SWIFT_OPTIMIZATION_LEVEL = "-Onone";
			};
			name = Debug;
		};
		AC2DF0FA2C5EA84100EB78C3 /* Release */ = {
			isa = XCBuildConfiguration;
			buildSettings = {
				ALWAYS_SEARCH_USER_PATHS = NO;
				ASSETCATALOG_COMPILER_GENERATE_SWIFT_ASSET_SYMBOL_EXTENSIONS = YES;
				CLANG_ANALYZER_NONNULL = YES;
				CLANG_ANALYZER_NUMBER_OBJECT_CONVERSION = YES_AGGRESSIVE;
				CLANG_CXX_LANGUAGE_STANDARD = "gnu++20";
				CLANG_ENABLE_MODULES = YES;
				CLANG_ENABLE_OBJC_ARC = YES;
				CLANG_ENABLE_OBJC_WEAK = YES;
				CLANG_WARN_BLOCK_CAPTURE_AUTORELEASING = YES;
				CLANG_WARN_BOOL_CONVERSION = YES;
				CLANG_WARN_COMMA = YES;
				CLANG_WARN_CONSTANT_CONVERSION = YES;
				CLANG_WARN_DEPRECATED_OBJC_IMPLEMENTATIONS = YES;
				CLANG_WARN_DIRECT_OBJC_ISA_USAGE = YES_ERROR;
				CLANG_WARN_DOCUMENTATION_COMMENTS = YES;
				CLANG_WARN_EMPTY_BODY = YES;
				CLANG_WARN_ENUM_CONVERSION = YES;
				CLANG_WARN_INFINITE_RECURSION = YES;
				CLANG_WARN_INT_CONVERSION = YES;
				CLANG_WARN_NON_LITERAL_NULL_CONVERSION = YES;
				CLANG_WARN_OBJC_IMPLICIT_RETAIN_SELF = YES;
				CLANG_WARN_OBJC_LITERAL_CONVERSION = YES;
				CLANG_WARN_OBJC_ROOT_CLASS = YES_ERROR;
				CLANG_WARN_QUOTED_INCLUDE_IN_FRAMEWORK_HEADER = YES;
				CLANG_WARN_RANGE_LOOP_ANALYSIS = YES;
				CLANG_WARN_STRICT_PROTOTYPES = YES;
				CLANG_WARN_SUSPICIOUS_MOVE = YES;
				CLANG_WARN_UNGUARDED_AVAILABILITY = YES_AGGRESSIVE;
				CLANG_WARN_UNREACHABLE_CODE = YES;
				CLANG_WARN__DUPLICATE_METHOD_MATCH = YES;
				COPY_PHASE_STRIP = NO;
				DEBUG_INFORMATION_FORMAT = "dwarf-with-dsym";
				ENABLE_NS_ASSERTIONS = NO;
				ENABLE_STRICT_OBJC_MSGSEND = YES;
				ENABLE_USER_SCRIPT_SANDBOXING = YES;
				GCC_C_LANGUAGE_STANDARD = gnu17;
				GCC_NO_COMMON_BLOCKS = YES;
				GCC_WARN_64_TO_32_BIT_CONVERSION = YES;
				GCC_WARN_ABOUT_RETURN_TYPE = YES_ERROR;
				GCC_WARN_UNDECLARED_SELECTOR = YES;
				GCC_WARN_UNINITIALIZED_AUTOS = YES_AGGRESSIVE;
				GCC_WARN_UNUSED_FUNCTION = YES;
				GCC_WARN_UNUSED_VARIABLE = YES;
				IPHONEOS_DEPLOYMENT_TARGET = 18.0;
				LOCALIZATION_PREFERS_STRING_CATALOGS = YES;
				MTL_ENABLE_DEBUG_INFO = NO;
				MTL_FAST_MATH = YES;
				SDKROOT = iphoneos;
				SWIFT_COMPILATION_MODE = wholemodule;
				VALIDATE_PRODUCT = YES;
			};
			name = Release;
		};
		AC2DF0FC2C5EA84100EB78C3 /* Debug */ = {
			isa = XCBuildConfiguration;
			buildSettings = {
				BUNDLE_LOADER = "$(TEST_HOST)";
				CODE_SIGN_STYLE = Automatic;
				CURRENT_PROJECT_VERSION = 1;
				DEVELOPMENT_TEAM = JT5MW7599Q;
				GENERATE_INFOPLIST_FILE = YES;
				IPHONEOS_DEPLOYMENT_TARGET = 18.0;
				MARKETING_VERSION = 1.0;
				PRODUCT_BUNDLE_IDENTIFIER = "-75-Productions.TrimpTests";
				PRODUCT_NAME = "$(TARGET_NAME)";
				SWIFT_EMIT_LOC_STRINGS = NO;
				SWIFT_VERSION = 5.0;
				TARGETED_DEVICE_FAMILY = "1,2";
				TEST_HOST = "$(BUILT_PRODUCTS_DIR)/Trimp.app/$(BUNDLE_EXECUTABLE_FOLDER_PATH)/Trimp";
			};
			name = Debug;
		};
		AC2DF0FD2C5EA84100EB78C3 /* Release */ = {
			isa = XCBuildConfiguration;
			buildSettings = {
				BUNDLE_LOADER = "$(TEST_HOST)";
				CODE_SIGN_STYLE = Automatic;
				CURRENT_PROJECT_VERSION = 1;
				DEVELOPMENT_TEAM = JT5MW7599Q;
				GENERATE_INFOPLIST_FILE = YES;
				IPHONEOS_DEPLOYMENT_TARGET = 18.0;
				MARKETING_VERSION = 1.0;
				PRODUCT_BUNDLE_IDENTIFIER = "-75-Productions.TrimpTests";
				PRODUCT_NAME = "$(TARGET_NAME)";
				SWIFT_EMIT_LOC_STRINGS = NO;
				SWIFT_VERSION = 5.0;
				TARGETED_DEVICE_FAMILY = "1,2";
				TEST_HOST = "$(BUILT_PRODUCTS_DIR)/Trimp.app/$(BUNDLE_EXECUTABLE_FOLDER_PATH)/Trimp";
			};
			name = Release;
		};
		AC2DF0FF2C5EA84100EB78C3 /* Debug */ = {
			isa = XCBuildConfiguration;
			buildSettings = {
				CODE_SIGN_STYLE = Automatic;
				CURRENT_PROJECT_VERSION = 1;
				DEVELOPMENT_TEAM = JT5MW7599Q;
				GENERATE_INFOPLIST_FILE = YES;
				MARKETING_VERSION = 1.0;
				PRODUCT_BUNDLE_IDENTIFIER = "-75-Productions.TrimpUITests";
				PRODUCT_NAME = "$(TARGET_NAME)";
				SWIFT_EMIT_LOC_STRINGS = NO;
				SWIFT_VERSION = 5.0;
				TARGETED_DEVICE_FAMILY = "1,2";
				TEST_TARGET_NAME = Trimp;
			};
			name = Debug;
		};
		AC2DF1002C5EA84100EB78C3 /* Release */ = {
			isa = XCBuildConfiguration;
			buildSettings = {
				CODE_SIGN_STYLE = Automatic;
				CURRENT_PROJECT_VERSION = 1;
				DEVELOPMENT_TEAM = JT5MW7599Q;
				GENERATE_INFOPLIST_FILE = YES;
				MARKETING_VERSION = 1.0;
				PRODUCT_BUNDLE_IDENTIFIER = "-75-Productions.TrimpUITests";
				PRODUCT_NAME = "$(TARGET_NAME)";
				SWIFT_EMIT_LOC_STRINGS = NO;
				SWIFT_VERSION = 5.0;
				TARGETED_DEVICE_FAMILY = "1,2";
				TEST_TARGET_NAME = Trimp;
			};
			name = Release;
		};
/* End XCBuildConfiguration section */

/* Begin XCConfigurationList section */
		AC2DF0C72C5EA83F00EB78C3 /* Build configuration list for PBXProject "Trimp" */ = {
			isa = XCConfigurationList;
			buildConfigurations = (
				AC2DF0F92C5EA84100EB78C3 /* Debug */,
				AC2DF0FA2C5EA84100EB78C3 /* Release */,
			);
			defaultConfigurationIsVisible = 0;
			defaultConfigurationName = Release;
		};
		AC2DF0F52C5EA84100EB78C3 /* Build configuration list for PBXNativeTarget "Trimp" */ = {
			isa = XCConfigurationList;
			buildConfigurations = (
				AC2DF0F62C5EA84100EB78C3 /* Debug */,
				AC2DF0F72C5EA84100EB78C3 /* Release */,
			);
			defaultConfigurationIsVisible = 0;
			defaultConfigurationName = Release;
		};
		AC2DF0FB2C5EA84100EB78C3 /* Build configuration list for PBXNativeTarget "TrimpTests" */ = {
			isa = XCConfigurationList;
			buildConfigurations = (
				AC2DF0FC2C5EA84100EB78C3 /* Debug */,
				AC2DF0FD2C5EA84100EB78C3 /* Release */,
			);
			defaultConfigurationIsVisible = 0;
			defaultConfigurationName = Release;
		};
		AC2DF0FE2C5EA84100EB78C3 /* Build configuration list for PBXNativeTarget "TrimpUITests" */ = {
			isa = XCConfigurationList;
			buildConfigurations = (
				AC2DF0FF2C5EA84100EB78C3 /* Debug */,
				AC2DF1002C5EA84100EB78C3 /* Release */,
			);
			defaultConfigurationIsVisible = 0;
			defaultConfigurationName = Release;
		};
/* End XCConfigurationList section */
	};
	rootObject = AC2DF0C42C5EA83F00EB78C3 /* Project object */;
}
